
Microsoft Visual Studio Solution File, Format Version 12.00
# Visual Studio Version 16
VisualStudioVersion = 16.0.31702.278
MinimumVisualStudioVersion = 10.0.40219.1
Project("{8BC9CEB8-8B4A-11D0-8D11-00A0C91BC942}") = "Analysis and Design Lab Proj. - Search Engine", "Analysis and Design Lab Proj. - Search Engine.vcxproj", "{DEE30493-F405-4F2B-80C6-98CA12B733F8}"
EndProject
Global
	GlobalSection(SolutionConfigurationPlatforms) = preSolution
		Debug|x64 = Debug|x64
		Debug|x86 = Debug|x86
		Release|x64 = Release|x64
		Release|x86 = Release|x86
	EndGlobalSection
	GlobalSection(ProjectConfigurationPlatforms) = postSolution
		{DEE30493-F405-4F2B-80C6-98CA12B733F8}.Debug|x64.ActiveCfg = Debug|x64
		{DEE30493-F405-4F2B-80C6-98CA12B733F8}.Debug|x64.Build.0 = Debug|x64
		{DEE30493-F405-4F2B-80C6-98CA12B733F8}.Debug|x86.ActiveCfg = Debug|Win32
		{DEE30493-F405-4F2B-80C6-98CA12B733F8}.Debug|x86.Build.0 = Debug|Win32
		{DEE30493-F405-4F2B-80C6-98CA12B733F8}.Release|x64.ActiveCfg = Release|x64
		{DEE30493-F405-4F2B-80C6-98CA12B733F8}.Release|x64.Build.0 = Release|x64
		{DEE30493-F405-4F2B-80C6-98CA12B733F8}.Release|x86.ActiveCfg = Release|Win32
		{DEE30493-F405-4F2B-80C6-98CA12B733F8}.Release|x86.Build.0 = Release|Win32
	EndGlobalSection
	GlobalSection(SolutionProperties) = preSolution
		HideSolutionNode = FALSE
	EndGlobalSection
	GlobalSection(ExtensibilityGlobals) = postSolution
		SolutionGuid = {92AB48A6-946C-4E2B-BCB7-361683C19095}
	EndGlobalSection
EndGlobal
